
Microsoft Visual Studio Solution File, Format Version 12.00
# Visual Studio Version 17
VisualStudioVersion = 17.6.33829.357
MinimumVisualStudioVersion = 10.0.40219.1
Project("{FAE04EC0-301F-11D3-BF4B-00C04F79EFBC}") = "Kryptering", "Kryptering\Kryptering.csproj", "{A257947D-1BC1-463D-8836-2567160CE5D4}"
EndProject
Project("{FAE04EC0-301F-11D3-BF4B-00C04F79EFBC}") = "Hashing1", "Hashing1\Hashing1.csproj", "{18F55B9A-10A8-4E09-BAFF-7A47424D1180}"
EndProject
Global
	GlobalSection(SolutionConfigurationPlatforms) = preSolution
		Debug|Any CPU = Debug|Any CPU
		Release|Any CPU = Release|Any CPU
	EndGlobalSection
	GlobalSection(ProjectConfigurationPlatforms) = postSolution
		{A257947D-1BC1-463D-8836-2567160CE5D4}.Debug|Any CPU.ActiveCfg = Debug|Any CPU
		{A257947D-1BC1-463D-8836-2567160CE5D4}.Debug|Any CPU.Build.0 = Debug|Any CPU
		{A257947D-1BC1-463D-8836-2567160CE5D4}.Release|Any CPU.ActiveCfg = Release|Any CPU
		{A257947D-1BC1-463D-8836-2567160CE5D4}.Release|Any CPU.Build.0 = Release|Any CPU
		{18F55B9A-10A8-4E09-BAFF-7A47424D1180}.Debug|Any CPU.ActiveCfg = Debug|Any CPU
		{18F55B9A-10A8-4E09-BAFF-7A47424D1180}.Debug|Any CPU.Build.0 = Debug|Any CPU
		{18F55B9A-10A8-4E09-BAFF-7A47424D1180}.Release|Any CPU.ActiveCfg = Release|Any CPU
		{18F55B9A-10A8-4E09-BAFF-7A47424D1180}.Release|Any CPU.Build.0 = Release|Any CPU
	EndGlobalSection
	GlobalSection(SolutionProperties) = preSolution
		HideSolutionNode = FALSE
	EndGlobalSection
	GlobalSection(ExtensibilityGlobals) = postSolution
		SolutionGuid = {D8E70B74-944E-4AA0-A6B8-3193DAC54687}
	EndGlobalSection
EndGlobal
